// !$*UTF8*$!
{
	archiveVersion = 1;
	classes = {
	};
	objectVersion = 51;
	objects = {

/* Begin PBXBuildFile section */
		4BF5E9742EC8DF59649FD06C /* Pods_Rapunzel.framework in Frameworks */ = {isa = PBXBuildFile; fileRef = 45AE3DF71CEDB145D7E8FE2E /* Pods_Rapunzel.framework */; };
		68213C8A23E5B5AA009C1BFE /* AppDelegate.swift in Sources */ = {isa = PBXBuildFile; fileRef = 68213C8923E5B5AA009C1BFE /* AppDelegate.swift */; };
		68213C9323E5B5AA009C1BFE /* Assets.xcassets in Resources */ = {isa = PBXBuildFile; fileRef = 68213C9223E5B5AA009C1BFE /* Assets.xcassets */; };
		68213C9623E5B5AA009C1BFE /* LaunchScreen.storyboard in Resources */ = {isa = PBXBuildFile; fileRef = 68213C9423E5B5AA009C1BFE /* LaunchScreen.storyboard */; };
		68213CA123E5B5AA009C1BFE /* RapunzelTests.swift in Sources */ = {isa = PBXBuildFile; fileRef = 68213CA023E5B5AA009C1BFE /* RapunzelTests.swift */; };
		68213CAC23E5B5AA009C1BFE /* RapunzelUITests.swift in Sources */ = {isa = PBXBuildFile; fileRef = 68213CAB23E5B5AA009C1BFE /* RapunzelUITests.swift */; };
		68213CC323E5B65C009C1BFE /* RequestManager.swift in Sources */ = {isa = PBXBuildFile; fileRef = 68213CC223E5B65C009C1BFE /* RequestManager.swift */; };
		68213CC523E5B9B9009C1BFE /* RequestDelegate.swift in Sources */ = {isa = PBXBuildFile; fileRef = 68213CC423E5B9B9009C1BFE /* RequestDelegate.swift */; };
		68213CC723E5B9D3009C1BFE /* RequestResultArrayDelegate.swift in Sources */ = {isa = PBXBuildFile; fileRef = 68213CC623E5B9D3009C1BFE /* RequestResultArrayDelegate.swift */; };
		68213CC923E5B9E7009C1BFE /* RequestResultObjectDelegate.swift in Sources */ = {isa = PBXBuildFile; fileRef = 68213CC823E5B9E7009C1BFE /* RequestResultObjectDelegate.swift */; };
		68213CCE23E5BA2F009C1BFE /* BaseResponse.swift in Sources */ = {isa = PBXBuildFile; fileRef = 68213CCD23E5BA2F009C1BFE /* BaseResponse.swift */; };
		68213CD023E5BA42009C1BFE /* ResponseError.swift in Sources */ = {isa = PBXBuildFile; fileRef = 68213CCF23E5BA42009C1BFE /* ResponseError.swift */; };
		68213CD223E5BA55009C1BFE /* ResponseArray.swift in Sources */ = {isa = PBXBuildFile; fileRef = 68213CD123E5BA55009C1BFE /* ResponseArray.swift */; };
		68213CD423E5BA76009C1BFE /* ResponseObject.swift in Sources */ = {isa = PBXBuildFile; fileRef = 68213CD323E5BA76009C1BFE /* ResponseObject.swift */; };
		68213CD823E5BACA009C1BFE /* CodableExtension.swift in Sources */ = {isa = PBXBuildFile; fileRef = 68213CD723E5BACA009C1BFE /* CodableExtension.swift */; };
		68213CE023E5BCC5009C1BFE /* AfterLaunch.storyboard in Resources */ = {isa = PBXBuildFile; fileRef = 68213CDB23E5BCC5009C1BFE /* AfterLaunch.storyboard */; };
		68213CE123E5BCC5009C1BFE /* AfterLaunchPresenter.swift in Sources */ = {isa = PBXBuildFile; fileRef = 68213CDC23E5BCC5009C1BFE /* AfterLaunchPresenter.swift */; };
		68213CE223E5BCC5009C1BFE /* AfterLaunchRouter.swift in Sources */ = {isa = PBXBuildFile; fileRef = 68213CDD23E5BCC5009C1BFE /* AfterLaunchRouter.swift */; };
		68213CE323E5BCC5009C1BFE /* AfterLaunchViewController.swift in Sources */ = {isa = PBXBuildFile; fileRef = 68213CDE23E5BCC5009C1BFE /* AfterLaunchViewController.swift */; };
		68213CE423E5BCC5009C1BFE /* AfterLaunchProtocols.swift in Sources */ = {isa = PBXBuildFile; fileRef = 68213CDF23E5BCC5009C1BFE /* AfterLaunchProtocols.swift */; };
		68213CE623E5BF7E009C1BFE /* UIStoryboardExtension.swift in Sources */ = {isa = PBXBuildFile; fileRef = 68213CE523E5BF7E009C1BFE /* UIStoryboardExtension.swift */; };
		68213CE823E5C3C6009C1BFE /* UIViewControllerExtension.swift in Sources */ = {isa = PBXBuildFile; fileRef = 68213CE723E5C3C6009C1BFE /* UIViewControllerExtension.swift */; };
		68213CEA23E5C4CB009C1BFE /* BaseViewController.swift in Sources */ = {isa = PBXBuildFile; fileRef = 68213CE923E5C4CB009C1BFE /* BaseViewController.swift */; };
		68213CEC23E5C4F6009C1BFE /* BaseNavigationController.swift in Sources */ = {isa = PBXBuildFile; fileRef = 68213CEB23E5C4F6009C1BFE /* BaseNavigationController.swift */; };
		68213CEE23E5C519009C1BFE /* UIColorExtension.swift in Sources */ = {isa = PBXBuildFile; fileRef = 68213CED23E5C519009C1BFE /* UIColorExtension.swift */; };
		688521AD23F3205F00BC8C28 /* Question.swift in Sources */ = {isa = PBXBuildFile; fileRef = 688521AC23F3205F00BC8C28 /* Question.swift */; };
		688521B123F321E700BC8C28 /* QuestionCVCell.swift in Sources */ = {isa = PBXBuildFile; fileRef = 688521AF23F321E700BC8C28 /* QuestionCVCell.swift */; };
		688521B223F321E700BC8C28 /* QuestionCVCell.xib in Resources */ = {isa = PBXBuildFile; fileRef = 688521B023F321E700BC8C28 /* QuestionCVCell.xib */; };
		688521B423F321F900BC8C28 /* BaseCVCell.swift in Sources */ = {isa = PBXBuildFile; fileRef = 688521B323F321F900BC8C28 /* BaseCVCell.swift */; };
		688521B723F3222C00BC8C28 /* CellHelper.swift in Sources */ = {isa = PBXBuildFile; fileRef = 688521B623F3222C00BC8C28 /* CellHelper.swift */; };
		688521BA23F3231300BC8C28 /* CorneredView.swift in Sources */ = {isa = PBXBuildFile; fileRef = 688521B923F3231300BC8C28 /* CorneredView.swift */; };
		688521BD23F323EA00BC8C28 /* SeperatorView.swift in Sources */ = {isa = PBXBuildFile; fileRef = 688521BC23F323EA00BC8C28 /* SeperatorView.swift */; };
		688521BF23F3296100BC8C28 /* QuestionsRequest.swift in Sources */ = {isa = PBXBuildFile; fileRef = 688521BE23F3296100BC8C28 /* QuestionsRequest.swift */; };
		688521C223F34E4F00BC8C28 /* LoadingViewPresenter.swift in Sources */ = {isa = PBXBuildFile; fileRef = 688521C123F34E4F00BC8C28 /* LoadingViewPresenter.swift */; };
		688521C423F34EBF00BC8C28 /* LoadingView.swift in Sources */ = {isa = PBXBuildFile; fileRef = 688521C323F34EBF00BC8C28 /* LoadingView.swift */; };
		688521C723F3501100BC8C28 /* loading.json in Resources */ = {isa = PBXBuildFile; fileRef = 688521C623F3501100BC8C28 /* loading.json */; };
		688521CC23F354E600BC8C28 /* AppLabel.swift in Sources */ = {isa = PBXBuildFile; fileRef = 688521CB23F354E600BC8C28 /* AppLabel.swift */; };
		688521CE23F48D8200BC8C28 /* SelectionView.swift in Sources */ = {isa = PBXBuildFile; fileRef = 688521CD23F48D8200BC8C28 /* SelectionView.swift */; };
		688521D023F4A50C00BC8C28 /* UICollectionViewExtension.swift in Sources */ = {isa = PBXBuildFile; fileRef = 688521CF23F4A50C00BC8C28 /* UICollectionViewExtension.swift */; };
		68A02CED5CE2B5121885B7EF /* Pods_RapunzelTests.framework in Frameworks */ = {isa = PBXBuildFile; fileRef = 67A87972D31910A033D25502 /* Pods_RapunzelTests.framework */; };
		68EF156223F1DA6A002D2342 /* BottomLineTextField.swift in Sources */ = {isa = PBXBuildFile; fileRef = 68EF156123F1DA6A002D2342 /* BottomLineTextField.swift */; };
		68EF156423F1DD32002D2342 /* AppColors.xcassets in Resources */ = {isa = PBXBuildFile; fileRef = 68EF156323F1DD32002D2342 /* AppColors.xcassets */; };
		68EF156723F1E082002D2342 /* ValidatorRules.swift in Sources */ = {isa = PBXBuildFile; fileRef = 68EF156623F1E082002D2342 /* ValidatorRules.swift */; };
		68EF156D23F1E1B0002D2342 /* QuestionNumber.storyboard in Resources */ = {isa = PBXBuildFile; fileRef = 68EF156823F1E1B0002D2342 /* QuestionNumber.storyboard */; };
		68EF156E23F1E1B0002D2342 /* QuestionNumberPresenter.swift in Sources */ = {isa = PBXBuildFile; fileRef = 68EF156923F1E1B0002D2342 /* QuestionNumberPresenter.swift */; };
		68EF156F23F1E1B0002D2342 /* QuestionNumberRouter.swift in Sources */ = {isa = PBXBuildFile; fileRef = 68EF156A23F1E1B0002D2342 /* QuestionNumberRouter.swift */; };
		68EF157023F1E1B0002D2342 /* QuestionNumberViewController.swift in Sources */ = {isa = PBXBuildFile; fileRef = 68EF156B23F1E1B0002D2342 /* QuestionNumberViewController.swift */; };
		68EF157123F1E1B0002D2342 /* QuestionNumberProtocols.swift in Sources */ = {isa = PBXBuildFile; fileRef = 68EF156C23F1E1B0002D2342 /* QuestionNumberProtocols.swift */; };
		68EF157323F1E6DC002D2342 /* UIViewExtension.swift in Sources */ = {isa = PBXBuildFile; fileRef = 68EF157223F1E6DC002D2342 /* UIViewExtension.swift */; };
		68EF157623F1EB3D002D2342 /* RoundedButton.swift in Sources */ = {isa = PBXBuildFile; fileRef = 68EF157523F1EB3D002D2342 /* RoundedButton.swift */; };
		68EF157D23F1F0A4002D2342 /* Questions.storyboard in Resources */ = {isa = PBXBuildFile; fileRef = 68EF157823F1F0A4002D2342 /* Questions.storyboard */; };
		68EF157E23F1F0A4002D2342 /* QuestionsPresenter.swift in Sources */ = {isa = PBXBuildFile; fileRef = 68EF157923F1F0A4002D2342 /* QuestionsPresenter.swift */; };
		68EF157F23F1F0A4002D2342 /* QuestionsRouter.swift in Sources */ = {isa = PBXBuildFile; fileRef = 68EF157A23F1F0A4002D2342 /* QuestionsRouter.swift */; };
		68EF158023F1F0A4002D2342 /* QuestionsViewController.swift in Sources */ = {isa = PBXBuildFile; fileRef = 68EF157B23F1F0A4002D2342 /* QuestionsViewController.swift */; };
		68EF158123F1F0A4002D2342 /* QuestionsProtocols.swift in Sources */ = {isa = PBXBuildFile; fileRef = 68EF157C23F1F0A4002D2342 /* QuestionsProtocols.swift */; };
		68EF158423F1F8B3002D2342 /* QuestionConstants.swift in Sources */ = {isa = PBXBuildFile; fileRef = 68EF158323F1F8B3002D2342 /* QuestionConstants.swift */; };
		68EF158623F1FB1F002D2342 /* PickerHelper.swift in Sources */ = {isa = PBXBuildFile; fileRef = 68EF158523F1FB1F002D2342 /* PickerHelper.swift */; };
		68EF158C23F1FBDE002D2342 /* Category.swift in Sources */ = {isa = PBXBuildFile; fileRef = 68EF158B23F1FBDE002D2342 /* Category.swift */; };
		68EF158E23F1FD84002D2342 /* StringPickerDelegate.swift in Sources */ = {isa = PBXBuildFile; fileRef = 68EF158D23F1FD84002D2342 /* StringPickerDelegate.swift */; };
		68EF159023F20006002D2342 /* QuestionInfo.swift in Sources */ = {isa = PBXBuildFile; fileRef = 68EF158F23F20006002D2342 /* QuestionInfo.swift */; };
		EDE1841D9227FDCF6D4F385A /* Pods_Rapunzel_RapunzelUITests.framework in Frameworks */ = {isa = PBXBuildFile; fileRef = C5BBA4336D1609E6674DDF14 /* Pods_Rapunzel_RapunzelUITests.framework */; };
/* End PBXBuildFile section */

/* Begin PBXContainerItemProxy section */
		68213C9D23E5B5AA009C1BFE /* PBXContainerItemProxy */ = {
			isa = PBXContainerItemProxy;
			containerPortal = 68213C7E23E5B5AA009C1BFE /* Project object */;
			proxyType = 1;
			remoteGlobalIDString = 68213C8523E5B5AA009C1BFE;
			remoteInfo = Rapunzel;
		};
		68213CA823E5B5AA009C1BFE /* PBXContainerItemProxy */ = {
			isa = PBXContainerItemProxy;
			containerPortal = 68213C7E23E5B5AA009C1BFE /* Project object */;
			proxyType = 1;
			remoteGlobalIDString = 68213C8523E5B5AA009C1BFE;
			remoteInfo = Rapunzel;
		};
/* End PBXContainerItemProxy section */

/* Begin PBXFileReference section */
		154FB2A2EE828C4AFF06C040 /* Pods-RapunzelTests.debug.xcconfig */ = {isa = PBXFileReference; includeInIndex = 1; lastKnownFileType = text.xcconfig; name = "Pods-RapunzelTests.debug.xcconfig"; path = "Target Support Files/Pods-RapunzelTests/Pods-RapunzelTests.debug.xcconfig"; sourceTree = "<group>"; };
		211AB33227C433A5219D0AD6 /* Pods-Rapunzel.release.xcconfig */ = {isa = PBXFileReference; includeInIndex = 1; lastKnownFileType = text.xcconfig; name = "Pods-Rapunzel.release.xcconfig"; path = "Target Support Files/Pods-Rapunzel/Pods-Rapunzel.release.xcconfig"; sourceTree = "<group>"; };
		2C269A180F32C8154FF57EAD /* Pods-RapunzelTests.release.xcconfig */ = {isa = PBXFileReference; includeInIndex = 1; lastKnownFileType = text.xcconfig; name = "Pods-RapunzelTests.release.xcconfig"; path = "Target Support Files/Pods-RapunzelTests/Pods-RapunzelTests.release.xcconfig"; sourceTree = "<group>"; };
		45AE3DF71CEDB145D7E8FE2E /* Pods_Rapunzel.framework */ = {isa = PBXFileReference; explicitFileType = wrapper.framework; includeInIndex = 0; path = Pods_Rapunzel.framework; sourceTree = BUILT_PRODUCTS_DIR; };
		67A87972D31910A033D25502 /* Pods_RapunzelTests.framework */ = {isa = PBXFileReference; explicitFileType = wrapper.framework; includeInIndex = 0; path = Pods_RapunzelTests.framework; sourceTree = BUILT_PRODUCTS_DIR; };
		68213C8623E5B5AA009C1BFE /* Joker.app */ = {isa = PBXFileReference; explicitFileType = wrapper.application; includeInIndex = 0; path = Joker.app; sourceTree = BUILT_PRODUCTS_DIR; };
		68213C8923E5B5AA009C1BFE /* AppDelegate.swift */ = {isa = PBXFileReference; lastKnownFileType = sourcecode.swift; path = AppDelegate.swift; sourceTree = "<group>"; };
		68213C9223E5B5AA009C1BFE /* Assets.xcassets */ = {isa = PBXFileReference; lastKnownFileType = folder.assetcatalog; path = Assets.xcassets; sourceTree = "<group>"; };
		68213C9523E5B5AA009C1BFE /* Base */ = {isa = PBXFileReference; lastKnownFileType = file.storyboard; name = Base; path = Base.lproj/LaunchScreen.storyboard; sourceTree = "<group>"; };
		68213C9723E5B5AA009C1BFE /* Info.plist */ = {isa = PBXFileReference; lastKnownFileType = text.plist.xml; path = Info.plist; sourceTree = "<group>"; };
		68213C9C23E5B5AA009C1BFE /* RapunzelTests.xctest */ = {isa = PBXFileReference; explicitFileType = wrapper.cfbundle; includeInIndex = 0; path = RapunzelTests.xctest; sourceTree = BUILT_PRODUCTS_DIR; };
		68213CA023E5B5AA009C1BFE /* RapunzelTests.swift */ = {isa = PBXFileReference; lastKnownFileType = sourcecode.swift; path = RapunzelTests.swift; sourceTree = "<group>"; };
		68213CA223E5B5AA009C1BFE /* Info.plist */ = {isa = PBXFileReference; lastKnownFileType = text.plist.xml; path = Info.plist; sourceTree = "<group>"; };
		68213CA723E5B5AA009C1BFE /* RapunzelUITests.xctest */ = {isa = PBXFileReference; explicitFileType = wrapper.cfbundle; includeInIndex = 0; path = RapunzelUITests.xctest; sourceTree = BUILT_PRODUCTS_DIR; };
		68213CAB23E5B5AA009C1BFE /* RapunzelUITests.swift */ = {isa = PBXFileReference; lastKnownFileType = sourcecode.swift; path = RapunzelUITests.swift; sourceTree = "<group>"; };
		68213CAD23E5B5AA009C1BFE /* Info.plist */ = {isa = PBXFileReference; lastKnownFileType = text.plist.xml; path = Info.plist; sourceTree = "<group>"; };
		68213CC223E5B65C009C1BFE /* RequestManager.swift */ = {isa = PBXFileReference; lastKnownFileType = sourcecode.swift; path = RequestManager.swift; sourceTree = "<group>"; };
		68213CC423E5B9B9009C1BFE /* RequestDelegate.swift */ = {isa = PBXFileReference; lastKnownFileType = sourcecode.swift; path = RequestDelegate.swift; sourceTree = "<group>"; };
		68213CC623E5B9D3009C1BFE /* RequestResultArrayDelegate.swift */ = {isa = PBXFileReference; lastKnownFileType = sourcecode.swift; path = RequestResultArrayDelegate.swift; sourceTree = "<group>"; };
		68213CC823E5B9E7009C1BFE /* RequestResultObjectDelegate.swift */ = {isa = PBXFileReference; lastKnownFileType = sourcecode.swift; path = RequestResultObjectDelegate.swift; sourceTree = "<group>"; };
		68213CCD23E5BA2F009C1BFE /* BaseResponse.swift */ = {isa = PBXFileReference; lastKnownFileType = sourcecode.swift; path = BaseResponse.swift; sourceTree = "<group>"; };
		68213CCF23E5BA42009C1BFE /* ResponseError.swift */ = {isa = PBXFileReference; lastKnownFileType = sourcecode.swift; path = ResponseError.swift; sourceTree = "<group>"; };
		68213CD123E5BA55009C1BFE /* ResponseArray.swift */ = {isa = PBXFileReference; lastKnownFileType = sourcecode.swift; path = ResponseArray.swift; sourceTree = "<group>"; };
		68213CD323E5BA76009C1BFE /* ResponseObject.swift */ = {isa = PBXFileReference; lastKnownFileType = sourcecode.swift; path = ResponseObject.swift; sourceTree = "<group>"; };
		68213CD723E5BACA009C1BFE /* CodableExtension.swift */ = {isa = PBXFileReference; lastKnownFileType = sourcecode.swift; path = CodableExtension.swift; sourceTree = "<group>"; };
		68213CDB23E5BCC5009C1BFE /* AfterLaunch.storyboard */ = {isa = PBXFileReference; lastKnownFileType = file.storyboard; path = AfterLaunch.storyboard; sourceTree = "<group>"; };
		68213CDC23E5BCC5009C1BFE /* AfterLaunchPresenter.swift */ = {isa = PBXFileReference; lastKnownFileType = sourcecode.swift; path = AfterLaunchPresenter.swift; sourceTree = "<group>"; };
		68213CDD23E5BCC5009C1BFE /* AfterLaunchRouter.swift */ = {isa = PBXFileReference; lastKnownFileType = sourcecode.swift; path = AfterLaunchRouter.swift; sourceTree = "<group>"; };
		68213CDE23E5BCC5009C1BFE /* AfterLaunchViewController.swift */ = {isa = PBXFileReference; lastKnownFileType = sourcecode.swift; path = AfterLaunchViewController.swift; sourceTree = "<group>"; };
		68213CDF23E5BCC5009C1BFE /* AfterLaunchProtocols.swift */ = {isa = PBXFileReference; lastKnownFileType = sourcecode.swift; path = AfterLaunchProtocols.swift; sourceTree = "<group>"; };
		68213CE523E5BF7E009C1BFE /* UIStoryboardExtension.swift */ = {isa = PBXFileReference; lastKnownFileType = sourcecode.swift; path = UIStoryboardExtension.swift; sourceTree = "<group>"; };
		68213CE723E5C3C6009C1BFE /* UIViewControllerExtension.swift */ = {isa = PBXFileReference; lastKnownFileType = sourcecode.swift; path = UIViewControllerExtension.swift; sourceTree = "<group>"; };
		68213CE923E5C4CB009C1BFE /* BaseViewController.swift */ = {isa = PBXFileReference; lastKnownFileType = sourcecode.swift; path = BaseViewController.swift; sourceTree = "<group>"; };
		68213CEB23E5C4F6009C1BFE /* BaseNavigationController.swift */ = {isa = PBXFileReference; lastKnownFileType = sourcecode.swift; path = BaseNavigationController.swift; sourceTree = "<group>"; };
		68213CED23E5C519009C1BFE /* UIColorExtension.swift */ = {isa = PBXFileReference; lastKnownFileType = sourcecode.swift; path = UIColorExtension.swift; sourceTree = "<group>"; };
		688521AC23F3205F00BC8C28 /* Question.swift */ = {isa = PBXFileReference; lastKnownFileType = sourcecode.swift; path = Question.swift; sourceTree = "<group>"; };
		688521AF23F321E700BC8C28 /* QuestionCVCell.swift */ = {isa = PBXFileReference; lastKnownFileType = sourcecode.swift; path = QuestionCVCell.swift; sourceTree = "<group>"; };
		688521B023F321E700BC8C28 /* QuestionCVCell.xib */ = {isa = PBXFileReference; lastKnownFileType = file.xib; path = QuestionCVCell.xib; sourceTree = "<group>"; };
		688521B323F321F900BC8C28 /* BaseCVCell.swift */ = {isa = PBXFileReference; lastKnownFileType = sourcecode.swift; path = BaseCVCell.swift; sourceTree = "<group>"; };
		688521B623F3222C00BC8C28 /* CellHelper.swift */ = {isa = PBXFileReference; lastKnownFileType = sourcecode.swift; path = CellHelper.swift; sourceTree = "<group>"; };
		688521B923F3231300BC8C28 /* CorneredView.swift */ = {isa = PBXFileReference; lastKnownFileType = sourcecode.swift; path = CorneredView.swift; sourceTree = "<group>"; };
		688521BC23F323EA00BC8C28 /* SeperatorView.swift */ = {isa = PBXFileReference; lastKnownFileType = sourcecode.swift; path = SeperatorView.swift; sourceTree = "<group>"; };
		688521BE23F3296100BC8C28 /* QuestionsRequest.swift */ = {isa = PBXFileReference; lastKnownFileType = sourcecode.swift; path = QuestionsRequest.swift; sourceTree = "<group>"; };
		688521C123F34E4F00BC8C28 /* LoadingViewPresenter.swift */ = {isa = PBXFileReference; lastKnownFileType = sourcecode.swift; path = LoadingViewPresenter.swift; sourceTree = "<group>"; };
		688521C323F34EBF00BC8C28 /* LoadingView.swift */ = {isa = PBXFileReference; lastKnownFileType = sourcecode.swift; path = LoadingView.swift; sourceTree = "<group>"; };
		688521C623F3501100BC8C28 /* loading.json */ = {isa = PBXFileReference; fileEncoding = 4; lastKnownFileType = text.json; path = loading.json; sourceTree = "<group>"; };
		688521CB23F354E600BC8C28 /* AppLabel.swift */ = {isa = PBXFileReference; lastKnownFileType = sourcecode.swift; path = AppLabel.swift; sourceTree = "<group>"; };
		688521CD23F48D8200BC8C28 /* SelectionView.swift */ = {isa = PBXFileReference; lastKnownFileType = sourcecode.swift; path = SelectionView.swift; sourceTree = "<group>"; };
		688521CF23F4A50C00BC8C28 /* UICollectionViewExtension.swift */ = {isa = PBXFileReference; lastKnownFileType = sourcecode.swift; path = UICollectionViewExtension.swift; sourceTree = "<group>"; };
		68EF156123F1DA6A002D2342 /* BottomLineTextField.swift */ = {isa = PBXFileReference; lastKnownFileType = sourcecode.swift; path = BottomLineTextField.swift; sourceTree = "<group>"; };
		68EF156323F1DD32002D2342 /* AppColors.xcassets */ = {isa = PBXFileReference; lastKnownFileType = folder.assetcatalog; path = AppColors.xcassets; sourceTree = "<group>"; };
		68EF156623F1E082002D2342 /* ValidatorRules.swift */ = {isa = PBXFileReference; lastKnownFileType = sourcecode.swift; path = ValidatorRules.swift; sourceTree = "<group>"; };
		68EF156823F1E1B0002D2342 /* QuestionNumber.storyboard */ = {isa = PBXFileReference; lastKnownFileType = file.storyboard; path = QuestionNumber.storyboard; sourceTree = "<group>"; };
		68EF156923F1E1B0002D2342 /* QuestionNumberPresenter.swift */ = {isa = PBXFileReference; lastKnownFileType = sourcecode.swift; path = QuestionNumberPresenter.swift; sourceTree = "<group>"; };
		68EF156A23F1E1B0002D2342 /* QuestionNumberRouter.swift */ = {isa = PBXFileReference; lastKnownFileType = sourcecode.swift; path = QuestionNumberRouter.swift; sourceTree = "<group>"; };
		68EF156B23F1E1B0002D2342 /* QuestionNumberViewController.swift */ = {isa = PBXFileReference; lastKnownFileType = sourcecode.swift; path = QuestionNumberViewController.swift; sourceTree = "<group>"; };
		68EF156C23F1E1B0002D2342 /* QuestionNumberProtocols.swift */ = {isa = PBXFileReference; lastKnownFileType = sourcecode.swift; path = QuestionNumberProtocols.swift; sourceTree = "<group>"; };
		68EF157223F1E6DC002D2342 /* UIViewExtension.swift */ = {isa = PBXFileReference; lastKnownFileType = sourcecode.swift; path = UIViewExtension.swift; sourceTree = "<group>"; };
		68EF157523F1EB3D002D2342 /* RoundedButton.swift */ = {isa = PBXFileReference; lastKnownFileType = sourcecode.swift; path = RoundedButton.swift; sourceTree = "<group>"; };
		68EF157823F1F0A4002D2342 /* Questions.storyboard */ = {isa = PBXFileReference; lastKnownFileType = file.storyboard; path = Questions.storyboard; sourceTree = "<group>"; };
		68EF157923F1F0A4002D2342 /* QuestionsPresenter.swift */ = {isa = PBXFileReference; lastKnownFileType = sourcecode.swift; path = QuestionsPresenter.swift; sourceTree = "<group>"; };
		68EF157A23F1F0A4002D2342 /* QuestionsRouter.swift */ = {isa = PBXFileReference; lastKnownFileType = sourcecode.swift; path = QuestionsRouter.swift; sourceTree = "<group>"; };
		68EF157B23F1F0A4002D2342 /* QuestionsViewController.swift */ = {isa = PBXFileReference; lastKnownFileType = sourcecode.swift; path = QuestionsViewController.swift; sourceTree = "<group>"; };
		68EF157C23F1F0A4002D2342 /* QuestionsProtocols.swift */ = {isa = PBXFileReference; lastKnownFileType = sourcecode.swift; path = QuestionsProtocols.swift; sourceTree = "<group>"; };
		68EF158323F1F8B3002D2342 /* QuestionConstants.swift */ = {isa = PBXFileReference; lastKnownFileType = sourcecode.swift; path = QuestionConstants.swift; sourceTree = "<group>"; };
		68EF158523F1FB1F002D2342 /* PickerHelper.swift */ = {isa = PBXFileReference; lastKnownFileType = sourcecode.swift; path = PickerHelper.swift; sourceTree = "<group>"; };
		68EF158B23F1FBDE002D2342 /* Category.swift */ = {isa = PBXFileReference; lastKnownFileType = sourcecode.swift; path = Category.swift; sourceTree = "<group>"; };
		68EF158D23F1FD84002D2342 /* StringPickerDelegate.swift */ = {isa = PBXFileReference; lastKnownFileType = sourcecode.swift; path = StringPickerDelegate.swift; sourceTree = "<group>"; };
		68EF158F23F20006002D2342 /* QuestionInfo.swift */ = {isa = PBXFileReference; lastKnownFileType = sourcecode.swift; path = QuestionInfo.swift; sourceTree = "<group>"; };
		6E65D262BB85C2A2D1F548F6 /* Pods-Rapunzel.debug.xcconfig */ = {isa = PBXFileReference; includeInIndex = 1; lastKnownFileType = text.xcconfig; name = "Pods-Rapunzel.debug.xcconfig"; path = "Target Support Files/Pods-Rapunzel/Pods-Rapunzel.debug.xcconfig"; sourceTree = "<group>"; };
		7A004009AA95F2BCBF3E7D0C /* Pods-Rapunzel-RapunzelUITests.debug.xcconfig */ = {isa = PBXFileReference; includeInIndex = 1; lastKnownFileType = text.xcconfig; name = "Pods-Rapunzel-RapunzelUITests.debug.xcconfig"; path = "Target Support Files/Pods-Rapunzel-RapunzelUITests/Pods-Rapunzel-RapunzelUITests.debug.xcconfig"; sourceTree = "<group>"; };
		A945B0CEA6ECCB10EE36AA3C /* Pods-Rapunzel-RapunzelUITests.release.xcconfig */ = {isa = PBXFileReference; includeInIndex = 1; lastKnownFileType = text.xcconfig; name = "Pods-Rapunzel-RapunzelUITests.release.xcconfig"; path = "Target Support Files/Pods-Rapunzel-RapunzelUITests/Pods-Rapunzel-RapunzelUITests.release.xcconfig"; sourceTree = "<group>"; };
		C5BBA4336D1609E6674DDF14 /* Pods_Rapunzel_RapunzelUITests.framework */ = {isa = PBXFileReference; explicitFileType = wrapper.framework; includeInIndex = 0; path = Pods_Rapunzel_RapunzelUITests.framework; sourceTree = BUILT_PRODUCTS_DIR; };
/* End PBXFileReference section */

/* Begin PBXFrameworksBuildPhase section */
		68213C8323E5B5AA009C1BFE /* Frameworks */ = {
			isa = PBXFrameworksBuildPhase;
			buildActionMask = 2147483647;
			files = (
				4BF5E9742EC8DF59649FD06C /* Pods_Rapunzel.framework in Frameworks */,
			);
			runOnlyForDeploymentPostprocessing = 0;
		};
		68213C9923E5B5AA009C1BFE /* Frameworks */ = {
			isa = PBXFrameworksBuildPhase;
			buildActionMask = 2147483647;
			files = (
				68A02CED5CE2B5121885B7EF /* Pods_RapunzelTests.framework in Frameworks */,
			);
			runOnlyForDeploymentPostprocessing = 0;
		};
		68213CA423E5B5AA009C1BFE /* Frameworks */ = {
			isa = PBXFrameworksBuildPhase;
			buildActionMask = 2147483647;
			files = (
				EDE1841D9227FDCF6D4F385A /* Pods_Rapunzel_RapunzelUITests.framework in Frameworks */,
			);
			runOnlyForDeploymentPostprocessing = 0;
		};
/* End PBXFrameworksBuildPhase section */

/* Begin PBXGroup section */
		33820C1AFF52C6BED7F93A99 /* Pods */ = {
			isa = PBXGroup;
			children = (
				6E65D262BB85C2A2D1F548F6 /* Pods-Rapunzel.debug.xcconfig */,
				211AB33227C433A5219D0AD6 /* Pods-Rapunzel.release.xcconfig */,
				7A004009AA95F2BCBF3E7D0C /* Pods-Rapunzel-RapunzelUITests.debug.xcconfig */,
				A945B0CEA6ECCB10EE36AA3C /* Pods-Rapunzel-RapunzelUITests.release.xcconfig */,
				154FB2A2EE828C4AFF06C040 /* Pods-RapunzelTests.debug.xcconfig */,
				2C269A180F32C8154FF57EAD /* Pods-RapunzelTests.release.xcconfig */,
			);
			path = Pods;
			sourceTree = "<group>";
		};
		68213C7D23E5B5AA009C1BFE = {
			isa = PBXGroup;
			children = (
				68213C8823E5B5AA009C1BFE /* Rapunzel */,
				68213C9F23E5B5AA009C1BFE /* RapunzelTests */,
				68213CAA23E5B5AA009C1BFE /* RapunzelUITests */,
				68213C8723E5B5AA009C1BFE /* Products */,
				33820C1AFF52C6BED7F93A99 /* Pods */,
				B74BF88766B018BE2EC7E8E5 /* Frameworks */,
			);
			sourceTree = "<group>";
		};
		68213C8723E5B5AA009C1BFE /* Products */ = {
			isa = PBXGroup;
			children = (
				68213C8623E5B5AA009C1BFE /* Joker.app */,
				68213C9C23E5B5AA009C1BFE /* RapunzelTests.xctest */,
				68213CA723E5B5AA009C1BFE /* RapunzelUITests.xctest */,
			);
			name = Products;
			sourceTree = "<group>";
		};
		68213C8823E5B5AA009C1BFE /* Rapunzel */ = {
			isa = PBXGroup;
			children = (
				68213CB923E5B5E7009C1BFE /* Manager */,
				68213CBB23E5B5F5009C1BFE /* Modals */,
				68213CBA23E5B5EC009C1BFE /* Modules */,
				68213CBE23E5B618009C1BFE /* Cell */,
				68213CBC23E5B602009C1BFE /* CustomViews */,
				68213CBD23E5B608009C1BFE /* Extensions */,
				688521C523F34EDE00BC8C28 /* Lottie */,
				68213C8923E5B5AA009C1BFE /* AppDelegate.swift */,
				68213C9223E5B5AA009C1BFE /* Assets.xcassets */,
				68EF156323F1DD32002D2342 /* AppColors.xcassets */,
				68213C9423E5B5AA009C1BFE /* LaunchScreen.storyboard */,
				68213C9723E5B5AA009C1BFE /* Info.plist */,
			);
			path = Rapunzel;
			sourceTree = "<group>";
		};
		68213C9F23E5B5AA009C1BFE /* RapunzelTests */ = {
			isa = PBXGroup;
			children = (
				68213CA023E5B5AA009C1BFE /* RapunzelTests.swift */,
				68213CA223E5B5AA009C1BFE /* Info.plist */,
			);
			path = RapunzelTests;
			sourceTree = "<group>";
		};
		68213CAA23E5B5AA009C1BFE /* RapunzelUITests */ = {
			isa = PBXGroup;
			children = (
				68213CAB23E5B5AA009C1BFE /* RapunzelUITests.swift */,
				68213CAD23E5B5AA009C1BFE /* Info.plist */,
			);
			path = RapunzelUITests;
			sourceTree = "<group>";
		};
		68213CB923E5B5E7009C1BFE /* Manager */ = {
			isa = PBXGroup;
			children = (
				68EF156523F1E075002D2342 /* Helper */,
				68213CBF23E5B638009C1BFE /* RequestManager */,
				68213CC023E5B642009C1BFE /* Protocols */,
				68213CC123E5B649009C1BFE /* Requests */,
			);
			path = Manager;
			sourceTree = "<group>";
		};
		68213CBA23E5B5EC009C1BFE /* Modules */ = {
			isa = PBXGroup;
			children = (
				68213CD923E5BC80009C1BFE /* Base */,
				68213CDA23E5BC8A009C1BFE /* AfterLaunch */,
				68EF155F23F1D9AA002D2342 /* QuestionNumber */,
				68EF157723F1F08F002D2342 /* Questions */,
			);
			path = Modules;
			sourceTree = "<group>";
		};
		68213CBB23E5B5F5009C1BFE /* Modals */ = {
			isa = PBXGroup;
			children = (
				688521AB23F3205300BC8C28 /* Question */,
				68EF158223F1F8A4002D2342 /* Constants */,
				68213CCC23E5BA0D009C1BFE /* Response */,
			);
			path = Modals;
			sourceTree = "<group>";
		};
		68213CBC23E5B602009C1BFE /* CustomViews */ = {
			isa = PBXGroup;
			children = (
				688521CA23F354D600BC8C28 /* UILabel */,
				688521C023F34E3A00BC8C28 /* UIView */,
				68EF157423F1EB33002D2342 /* UIButton */,
				68EF156023F1DA16002D2342 /* UITextfield */,
			);
			path = CustomViews;
			sourceTree = "<group>";
		};
		68213CBD23E5B608009C1BFE /* Extensions */ = {
			isa = PBXGroup;
			children = (
				68213CD723E5BACA009C1BFE /* CodableExtension.swift */,
				68213CE523E5BF7E009C1BFE /* UIStoryboardExtension.swift */,
				68213CE723E5C3C6009C1BFE /* UIViewControllerExtension.swift */,
				68213CED23E5C519009C1BFE /* UIColorExtension.swift */,
				68EF157223F1E6DC002D2342 /* UIViewExtension.swift */,
				688521CF23F4A50C00BC8C28 /* UICollectionViewExtension.swift */,
			);
			name = Extensions;
			path = "Extensşon";
			sourceTree = "<group>";
		};
		68213CBE23E5B618009C1BFE /* Cell */ = {
			isa = PBXGroup;
			children = (
				688521B323F321F900BC8C28 /* BaseCVCell.swift */,
				688521AE23F321C900BC8C28 /* CollectionViewCell */,
			);
			path = Cell;
			sourceTree = "<group>";
		};
		68213CBF23E5B638009C1BFE /* RequestManager */ = {
			isa = PBXGroup;
			children = (
				68213CC223E5B65C009C1BFE /* RequestManager.swift */,
			);
			path = RequestManager;
			sourceTree = "<group>";
		};
		68213CC023E5B642009C1BFE /* Protocols */ = {
			isa = PBXGroup;
			children = (
				68213CC423E5B9B9009C1BFE /* RequestDelegate.swift */,
				68213CC623E5B9D3009C1BFE /* RequestResultArrayDelegate.swift */,
				68213CC823E5B9E7009C1BFE /* RequestResultObjectDelegate.swift */,
			);
			name = Protocols;
			sourceTree = "<group>";
		};
		68213CC123E5B649009C1BFE /* Requests */ = {
			isa = PBXGroup;
			children = (
				688521BE23F3296100BC8C28 /* QuestionsRequest.swift */,
			);
			path = Requests;
			sourceTree = "<group>";
		};
		68213CCC23E5BA0D009C1BFE /* Response */ = {
			isa = PBXGroup;
			children = (
				68213CCD23E5BA2F009C1BFE /* BaseResponse.swift */,
				68213CCF23E5BA42009C1BFE /* ResponseError.swift */,
				68213CD123E5BA55009C1BFE /* ResponseArray.swift */,
				68213CD323E5BA76009C1BFE /* ResponseObject.swift */,
			);
			path = Response;
			sourceTree = "<group>";
		};
		68213CD923E5BC80009C1BFE /* Base */ = {
			isa = PBXGroup;
			children = (
				68213CE923E5C4CB009C1BFE /* BaseViewController.swift */,
				68213CEB23E5C4F6009C1BFE /* BaseNavigationController.swift */,
			);
			path = Base;
			sourceTree = "<group>";
		};
		68213CDA23E5BC8A009C1BFE /* AfterLaunch */ = {
			isa = PBXGroup;
			children = (
				68213CDB23E5BCC5009C1BFE /* AfterLaunch.storyboard */,
				68213CDC23E5BCC5009C1BFE /* AfterLaunchPresenter.swift */,
				68213CDD23E5BCC5009C1BFE /* AfterLaunchRouter.swift */,
				68213CDE23E5BCC5009C1BFE /* AfterLaunchViewController.swift */,
				68213CDF23E5BCC5009C1BFE /* AfterLaunchProtocols.swift */,
			);
			path = AfterLaunch;
			sourceTree = "<group>";
		};
		688521AB23F3205300BC8C28 /* Question */ = {
			isa = PBXGroup;
			children = (
				688521AC23F3205F00BC8C28 /* Question.swift */,
			);
			path = Question;
			sourceTree = "<group>";
		};
		688521AE23F321C900BC8C28 /* CollectionViewCell */ = {
			isa = PBXGroup;
			children = (
				688521AF23F321E700BC8C28 /* QuestionCVCell.swift */,
				688521B023F321E700BC8C28 /* QuestionCVCell.xib */,
			);
			path = CollectionViewCell;
			sourceTree = "<group>";
		};
		688521B523F3220000BC8C28 /* Cell */ = {
			isa = PBXGroup;
			children = (
				688521B623F3222C00BC8C28 /* CellHelper.swift */,
			);
			path = Cell;
			sourceTree = "<group>";
		};
		688521C023F34E3A00BC8C28 /* UIView */ = {
			isa = PBXGroup;
			children = (
				688521BC23F323EA00BC8C28 /* SeperatorView.swift */,
				688521B923F3231300BC8C28 /* CorneredView.swift */,
				688521C123F34E4F00BC8C28 /* LoadingViewPresenter.swift */,
				688521C323F34EBF00BC8C28 /* LoadingView.swift */,
				688521CD23F48D8200BC8C28 /* SelectionView.swift */,
			);
			path = UIView;
			sourceTree = "<group>";
		};
		688521C523F34EDE00BC8C28 /* Lottie */ = {
			isa = PBXGroup;
			children = (
				688521C623F3501100BC8C28 /* loading.json */,
			);
			path = Lottie;
			sourceTree = "<group>";
		};
		688521CA23F354D600BC8C28 /* UILabel */ = {
			isa = PBXGroup;
			children = (
				688521CB23F354E600BC8C28 /* AppLabel.swift */,
			);
			path = UILabel;
			sourceTree = "<group>";
		};
		68EF155F23F1D9AA002D2342 /* QuestionNumber */ = {
			isa = PBXGroup;
			children = (
				68EF156823F1E1B0002D2342 /* QuestionNumber.storyboard */,
				68EF156923F1E1B0002D2342 /* QuestionNumberPresenter.swift */,
				68EF156A23F1E1B0002D2342 /* QuestionNumberRouter.swift */,
				68EF156B23F1E1B0002D2342 /* QuestionNumberViewController.swift */,
				68EF156C23F1E1B0002D2342 /* QuestionNumberProtocols.swift */,
			);
			path = QuestionNumber;
			sourceTree = "<group>";
		};
		68EF156023F1DA16002D2342 /* UITextfield */ = {
			isa = PBXGroup;
			children = (
				68EF156123F1DA6A002D2342 /* BottomLineTextField.swift */,
			);
			path = UITextfield;
			sourceTree = "<group>";
		};
		68EF156523F1E075002D2342 /* Helper */ = {
			isa = PBXGroup;
			children = (
				688521B523F3220000BC8C28 /* Cell */,
				68EF158823F1FB47002D2342 /* Validator */,
				68EF158723F1FB40002D2342 /* Picker */,
			);
			path = Helper;
			sourceTree = "<group>";
		};
		68EF157423F1EB33002D2342 /* UIButton */ = {
			isa = PBXGroup;
			children = (
				68EF157523F1EB3D002D2342 /* RoundedButton.swift */,
			);
			path = UIButton;
			sourceTree = "<group>";
		};
		68EF157723F1F08F002D2342 /* Questions */ = {
			isa = PBXGroup;
			children = (
				68EF157823F1F0A4002D2342 /* Questions.storyboard */,
				68EF157923F1F0A4002D2342 /* QuestionsPresenter.swift */,
				68EF157A23F1F0A4002D2342 /* QuestionsRouter.swift */,
				68EF157B23F1F0A4002D2342 /* QuestionsViewController.swift */,
				68EF157C23F1F0A4002D2342 /* QuestionsProtocols.swift */,
			);
			path = Questions;
			sourceTree = "<group>";
		};
		68EF158223F1F8A4002D2342 /* Constants */ = {
			isa = PBXGroup;
			children = (
				68EF158323F1F8B3002D2342 /* QuestionConstants.swift */,
				68EF158B23F1FBDE002D2342 /* Category.swift */,
				68EF158F23F20006002D2342 /* QuestionInfo.swift */,
			);
			path = Constants;
			sourceTree = "<group>";
		};
		68EF158723F1FB40002D2342 /* Picker */ = {
			isa = PBXGroup;
			children = (
				68EF158523F1FB1F002D2342 /* PickerHelper.swift */,
				68EF158D23F1FD84002D2342 /* StringPickerDelegate.swift */,
			);
			path = Picker;
			sourceTree = "<group>";
		};
		68EF158823F1FB47002D2342 /* Validator */ = {
			isa = PBXGroup;
			children = (
				68EF156623F1E082002D2342 /* ValidatorRules.swift */,
			);
			path = Validator;
			sourceTree = "<group>";
		};
		B74BF88766B018BE2EC7E8E5 /* Frameworks */ = {
			isa = PBXGroup;
			children = (
				45AE3DF71CEDB145D7E8FE2E /* Pods_Rapunzel.framework */,
				C5BBA4336D1609E6674DDF14 /* Pods_Rapunzel_RapunzelUITests.framework */,
				67A87972D31910A033D25502 /* Pods_RapunzelTests.framework */,
			);
			name = Frameworks;
			sourceTree = "<group>";
		};
/* End PBXGroup section */

/* Begin PBXNativeTarget section */
		68213C8523E5B5AA009C1BFE /* Rapunzel */ = {
			isa = PBXNativeTarget;
			buildConfigurationList = 68213CB023E5B5AA009C1BFE /* Build configuration list for PBXNativeTarget "Rapunzel" */;
			buildPhases = (
				7C5031C5DDA73302D31D147C /* [CP] Check Pods Manifest.lock */,
				68213C8223E5B5AA009C1BFE /* Sources */,
				68213C8323E5B5AA009C1BFE /* Frameworks */,
				68213C8423E5B5AA009C1BFE /* Resources */,
				D693120281DA89867850C58D /* [CP] Embed Pods Frameworks */,
			);
			buildRules = (
			);
			dependencies = (
			);
			name = Rapunzel;
			productName = Rapunzel;
			productReference = 68213C8623E5B5AA009C1BFE /* Joker.app */;
			productType = "com.apple.product-type.application";
		};
		68213C9B23E5B5AA009C1BFE /* RapunzelTests */ = {
			isa = PBXNativeTarget;
			buildConfigurationList = 68213CB323E5B5AA009C1BFE /* Build configuration list for PBXNativeTarget "RapunzelTests" */;
			buildPhases = (
				F44192AB9C18F4943F07D048 /* [CP] Check Pods Manifest.lock */,
				68213C9823E5B5AA009C1BFE /* Sources */,
				68213C9923E5B5AA009C1BFE /* Frameworks */,
				68213C9A23E5B5AA009C1BFE /* Resources */,
			);
			buildRules = (
			);
			dependencies = (
				68213C9E23E5B5AA009C1BFE /* PBXTargetDependency */,
			);
			name = RapunzelTests;
			productName = RapunzelTests;
			productReference = 68213C9C23E5B5AA009C1BFE /* RapunzelTests.xctest */;
			productType = "com.apple.product-type.bundle.unit-test";
		};
		68213CA623E5B5AA009C1BFE /* RapunzelUITests */ = {
			isa = PBXNativeTarget;
			buildConfigurationList = 68213CB623E5B5AA009C1BFE /* Build configuration list for PBXNativeTarget "RapunzelUITests" */;
			buildPhases = (
				C2EDEE6FFC450B1C89319AA4 /* [CP] Check Pods Manifest.lock */,
				68213CA323E5B5AA009C1BFE /* Sources */,
				68213CA423E5B5AA009C1BFE /* Frameworks */,
				68213CA523E5B5AA009C1BFE /* Resources */,
				2219CAFD7C3CB55AD2D3A5C3 /* [CP] Embed Pods Frameworks */,
			);
			buildRules = (
			);
			dependencies = (
				68213CA923E5B5AA009C1BFE /* PBXTargetDependency */,
			);
			name = RapunzelUITests;
			productName = RapunzelUITests;
			productReference = 68213CA723E5B5AA009C1BFE /* RapunzelUITests.xctest */;
			productType = "com.apple.product-type.bundle.ui-testing";
		};
/* End PBXNativeTarget section */

/* Begin PBXProject section */
		68213C7E23E5B5AA009C1BFE /* Project object */ = {
			isa = PBXProject;
			attributes = {
				LastSwiftUpdateCheck = 1120;
				LastUpgradeCheck = 1120;
				ORGANIZATIONNAME = "tunay alver";
				TargetAttributes = {
					68213C8523E5B5AA009C1BFE = {
						CreatedOnToolsVersion = 11.2.1;
					};
					68213C9B23E5B5AA009C1BFE = {
						CreatedOnToolsVersion = 11.2.1;
						TestTargetID = 68213C8523E5B5AA009C1BFE;
					};
					68213CA623E5B5AA009C1BFE = {
						CreatedOnToolsVersion = 11.2.1;
						TestTargetID = 68213C8523E5B5AA009C1BFE;
					};
				};
			};
			buildConfigurationList = 68213C8123E5B5AA009C1BFE /* Build configuration list for PBXProject "Rapunzel" */;
			compatibilityVersion = "Xcode 9.3";
			developmentRegion = en;
			hasScannedForEncodings = 0;
			knownRegions = (
				en,
				Base,
			);
			mainGroup = 68213C7D23E5B5AA009C1BFE;
			productRefGroup = 68213C8723E5B5AA009C1BFE /* Products */;
			projectDirPath = "";
			projectRoot = "";
			targets = (
				68213C8523E5B5AA009C1BFE /* Rapunzel */,
				68213C9B23E5B5AA009C1BFE /* RapunzelTests */,
				68213CA623E5B5AA009C1BFE /* RapunzelUITests */,
			);
		};
/* End PBXProject section */

/* Begin PBXResourcesBuildPhase section */
		68213C8423E5B5AA009C1BFE /* Resources */ = {
			isa = PBXResourcesBuildPhase;
			buildActionMask = 2147483647;
			files = (
				68213C9623E5B5AA009C1BFE /* LaunchScreen.storyboard in Resources */,
				688521B223F321E700BC8C28 /* QuestionCVCell.xib in Resources */,
				688521C723F3501100BC8C28 /* loading.json in Resources */,
				68EF156423F1DD32002D2342 /* AppColors.xcassets in Resources */,
				68EF157D23F1F0A4002D2342 /* Questions.storyboard in Resources */,
				68213C9323E5B5AA009C1BFE /* Assets.xcassets in Resources */,
				68EF156D23F1E1B0002D2342 /* QuestionNumber.storyboard in Resources */,
				68213CE023E5BCC5009C1BFE /* AfterLaunch.storyboard in Resources */,
			);
			runOnlyForDeploymentPostprocessing = 0;
		};
		68213C9A23E5B5AA009C1BFE /* Resources */ = {
			isa = PBXResourcesBuildPhase;
			buildActionMask = 2147483647;
			files = (
			);
			runOnlyForDeploymentPostprocessing = 0;
		};
		68213CA523E5B5AA009C1BFE /* Resources */ = {
			isa = PBXResourcesBuildPhase;
			buildActionMask = 2147483647;
			files = (
			);
			runOnlyForDeploymentPostprocessing = 0;
		};
/* End PBXResourcesBuildPhase section */

/* Begin PBXShellScriptBuildPhase section */
		2219CAFD7C3CB55AD2D3A5C3 /* [CP] Embed Pods Frameworks */ = {
			isa = PBXShellScriptBuildPhase;
			buildActionMask = 2147483647;
			files = (
			);
			inputFileListPaths = (
				"${PODS_ROOT}/Target Support Files/Pods-Rapunzel-RapunzelUITests/Pods-Rapunzel-RapunzelUITests-frameworks-${CONFIGURATION}-input-files.xcfilelist",
			);
			name = "[CP] Embed Pods Frameworks";
			outputFileListPaths = (
				"${PODS_ROOT}/Target Support Files/Pods-Rapunzel-RapunzelUITests/Pods-Rapunzel-RapunzelUITests-frameworks-${CONFIGURATION}-output-files.xcfilelist",
			);
			runOnlyForDeploymentPostprocessing = 0;
			shellPath = /bin/sh;
			shellScript = "\"${PODS_ROOT}/Target Support Files/Pods-Rapunzel-RapunzelUITests/Pods-Rapunzel-RapunzelUITests-frameworks.sh\"\n";
			showEnvVarsInLog = 0;
		};
		7C5031C5DDA73302D31D147C /* [CP] Check Pods Manifest.lock */ = {
			isa = PBXShellScriptBuildPhase;
			buildActionMask = 2147483647;
			files = (
			);
			inputFileListPaths = (
			);
			inputPaths = (
				"${PODS_PODFILE_DIR_PATH}/Podfile.lock",
				"${PODS_ROOT}/Manifest.lock",
			);
			name = "[CP] Check Pods Manifest.lock";
			outputFileListPaths = (
			);
			outputPaths = (
				"$(DERIVED_FILE_DIR)/Pods-Rapunzel-checkManifestLockResult.txt",
			);
			runOnlyForDeploymentPostprocessing = 0;
			shellPath = /bin/sh;
			shellScript = "diff \"${PODS_PODFILE_DIR_PATH}/Podfile.lock\" \"${PODS_ROOT}/Manifest.lock\" > /dev/null\nif [ $? != 0 ] ; then\n    # print error to STDERR\n    echo \"error: The sandbox is not in sync with the Podfile.lock. Run 'pod install' or update your CocoaPods installation.\" >&2\n    exit 1\nfi\n# This output is used by Xcode 'outputs' to avoid re-running this script phase.\necho \"SUCCESS\" > \"${SCRIPT_OUTPUT_FILE_0}\"\n";
			showEnvVarsInLog = 0;
		};
		C2EDEE6FFC450B1C89319AA4 /* [CP] Check Pods Manifest.lock */ = {
			isa = PBXShellScriptBuildPhase;
			buildActionMask = 2147483647;
			files = (
			);
			inputFileListPaths = (
			);
			inputPaths = (
				"${PODS_PODFILE_DIR_PATH}/Podfile.lock",
				"${PODS_ROOT}/Manifest.lock",
			);
			name = "[CP] Check Pods Manifest.lock";
			outputFileListPaths = (
			);
			outputPaths = (
				"$(DERIVED_FILE_DIR)/Pods-Rapunzel-RapunzelUITests-checkManifestLockResult.txt",
			);
			runOnlyForDeploymentPostprocessing = 0;
			shellPath = /bin/sh;
			shellScript = "diff \"${PODS_PODFILE_DIR_PATH}/Podfile.lock\" \"${PODS_ROOT}/Manifest.lock\" > /dev/null\nif [ $? != 0 ] ; then\n    # print error to STDERR\n    echo \"error: The sandbox is not in sync with the Podfile.lock. Run 'pod install' or update your CocoaPods installation.\" >&2\n    exit 1\nfi\n# This output is used by Xcode 'outputs' to avoid re-running this script phase.\necho \"SUCCESS\" > \"${SCRIPT_OUTPUT_FILE_0}\"\n";
			showEnvVarsInLog = 0;
		};
		D693120281DA89867850C58D /* [CP] Embed Pods Frameworks */ = {
			isa = PBXShellScriptBuildPhase;
			buildActionMask = 2147483647;
			files = (
			);
			inputFileListPaths = (
				"${PODS_ROOT}/Target Support Files/Pods-Rapunzel/Pods-Rapunzel-frameworks-${CONFIGURATION}-input-files.xcfilelist",
			);
			name = "[CP] Embed Pods Frameworks";
			outputFileListPaths = (
				"${PODS_ROOT}/Target Support Files/Pods-Rapunzel/Pods-Rapunzel-frameworks-${CONFIGURATION}-output-files.xcfilelist",
			);
			runOnlyForDeploymentPostprocessing = 0;
			shellPath = /bin/sh;
			shellScript = "\"${PODS_ROOT}/Target Support Files/Pods-Rapunzel/Pods-Rapunzel-frameworks.sh\"\n";
			showEnvVarsInLog = 0;
		};
		F44192AB9C18F4943F07D048 /* [CP] Check Pods Manifest.lock */ = {
			isa = PBXShellScriptBuildPhase;
			buildActionMask = 2147483647;
			files = (
			);
			inputFileListPaths = (
			);
			inputPaths = (
				"${PODS_PODFILE_DIR_PATH}/Podfile.lock",
				"${PODS_ROOT}/Manifest.lock",
			);
			name = "[CP] Check Pods Manifest.lock";
			outputFileListPaths = (
			);
			outputPaths = (
				"$(DERIVED_FILE_DIR)/Pods-RapunzelTests-checkManifestLockResult.txt",
			);
			runOnlyForDeploymentPostprocessing = 0;
			shellPath = /bin/sh;
			shellScript = "diff \"${PODS_PODFILE_DIR_PATH}/Podfile.lock\" \"${PODS_ROOT}/Manifest.lock\" > /dev/null\nif [ $? != 0 ] ; then\n    # print error to STDERR\n    echo \"error: The sandbox is not in sync with the Podfile.lock. Run 'pod install' or update your CocoaPods installation.\" >&2\n    exit 1\nfi\n# This output is used by Xcode 'outputs' to avoid re-running this script phase.\necho \"SUCCESS\" > \"${SCRIPT_OUTPUT_FILE_0}\"\n";
			showEnvVarsInLog = 0;
		};
/* End PBXShellScriptBuildPhase section */

/* Begin PBXSourcesBuildPhase section */
		68213C8223E5B5AA009C1BFE /* Sources */ = {
			isa = PBXSourcesBuildPhase;
			buildActionMask = 2147483647;
			files = (
				68213CD823E5BACA009C1BFE /* CodableExtension.swift in Sources */,
				68EF158E23F1FD84002D2342 /* StringPickerDelegate.swift in Sources */,
				688521B723F3222C00BC8C28 /* CellHelper.swift in Sources */,
				68EF158023F1F0A4002D2342 /* QuestionsViewController.swift in Sources */,
				68213CD423E5BA76009C1BFE /* ResponseObject.swift in Sources */,
				688521CC23F354E600BC8C28 /* AppLabel.swift in Sources */,
				68213CE623E5BF7E009C1BFE /* UIStoryboardExtension.swift in Sources */,
				68213CEA23E5C4CB009C1BFE /* BaseViewController.swift in Sources */,
				688521C223F34E4F00BC8C28 /* LoadingViewPresenter.swift in Sources */,
				68213CC923E5B9E7009C1BFE /* RequestResultObjectDelegate.swift in Sources */,
				68213CE423E5BCC5009C1BFE /* AfterLaunchProtocols.swift in Sources */,
				68EF156223F1DA6A002D2342 /* BottomLineTextField.swift in Sources */,
				68213CEC23E5C4F6009C1BFE /* BaseNavigationController.swift in Sources */,
				68213CC523E5B9B9009C1BFE /* RequestDelegate.swift in Sources */,
				68213CE323E5BCC5009C1BFE /* AfterLaunchViewController.swift in Sources */,
				688521AD23F3205F00BC8C28 /* Question.swift in Sources */,
				68EF159023F20006002D2342 /* QuestionInfo.swift in Sources */,
				688521BA23F3231300BC8C28 /* CorneredView.swift in Sources */,
				68213CE223E5BCC5009C1BFE /* AfterLaunchRouter.swift in Sources */,
				68213CD023E5BA42009C1BFE /* ResponseError.swift in Sources */,
				68213CD223E5BA55009C1BFE /* ResponseArray.swift in Sources */,
				68EF157F23F1F0A4002D2342 /* QuestionsRouter.swift in Sources */,
				68EF156F23F1E1B0002D2342 /* QuestionNumberRouter.swift in Sources */,
				68EF157E23F1F0A4002D2342 /* QuestionsPresenter.swift in Sources */,
				68213CE123E5BCC5009C1BFE /* AfterLaunchPresenter.swift in Sources */,
				68EF157023F1E1B0002D2342 /* QuestionNumberViewController.swift in Sources */,
				68EF156723F1E082002D2342 /* ValidatorRules.swift in Sources */,
				68213CC723E5B9D3009C1BFE /* RequestResultArrayDelegate.swift in Sources */,
				68EF158423F1F8B3002D2342 /* QuestionConstants.swift in Sources */,
				68213CC323E5B65C009C1BFE /* RequestManager.swift in Sources */,
				68EF156E23F1E1B0002D2342 /* QuestionNumberPresenter.swift in Sources */,
				688521BD23F323EA00BC8C28 /* SeperatorView.swift in Sources */,
				68213CE823E5C3C6009C1BFE /* UIViewControllerExtension.swift in Sources */,
				68EF157323F1E6DC002D2342 /* UIViewExtension.swift in Sources */,
				688521BF23F3296100BC8C28 /* QuestionsRequest.swift in Sources */,
				688521B123F321E700BC8C28 /* QuestionCVCell.swift in Sources */,
				688521B423F321F900BC8C28 /* BaseCVCell.swift in Sources */,
				68213CEE23E5C519009C1BFE /* UIColorExtension.swift in Sources */,
				68213C8A23E5B5AA009C1BFE /* AppDelegate.swift in Sources */,
				68EF157623F1EB3D002D2342 /* RoundedButton.swift in Sources */,
				68EF158623F1FB1F002D2342 /* PickerHelper.swift in Sources */,
				68EF158C23F1FBDE002D2342 /* Category.swift in Sources */,
				68EF157123F1E1B0002D2342 /* QuestionNumberProtocols.swift in Sources */,
				688521D023F4A50C00BC8C28 /* UICollectionViewExtension.swift in Sources */,
				68EF158123F1F0A4002D2342 /* QuestionsProtocols.swift in Sources */,
				68213CCE23E5BA2F009C1BFE /* BaseResponse.swift in Sources */,
				688521C423F34EBF00BC8C28 /* LoadingView.swift in Sources */,
				688521CE23F48D8200BC8C28 /* SelectionView.swift in Sources */,
			);
			runOnlyForDeploymentPostprocessing = 0;
		};
		68213C9823E5B5AA009C1BFE /* Sources */ = {
			isa = PBXSourcesBuildPhase;
			buildActionMask = 2147483647;
			files = (
				68213CA123E5B5AA009C1BFE /* RapunzelTests.swift in Sources */,
			);
			runOnlyForDeploymentPostprocessing = 0;
		};
		68213CA323E5B5AA009C1BFE /* Sources */ = {
			isa = PBXSourcesBuildPhase;
			buildActionMask = 2147483647;
			files = (
				68213CAC23E5B5AA009C1BFE /* RapunzelUITests.swift in Sources */,
			);
			runOnlyForDeploymentPostprocessing = 0;
		};
/* End PBXSourcesBuildPhase section */

/* Begin PBXTargetDependency section */
		68213C9E23E5B5AA009C1BFE /* PBXTargetDependency */ = {
			isa = PBXTargetDependency;
			target = 68213C8523E5B5AA009C1BFE /* Rapunzel */;
			targetProxy = 68213C9D23E5B5AA009C1BFE /* PBXContainerItemProxy */;
		};
		68213CA923E5B5AA009C1BFE /* PBXTargetDependency */ = {
			isa = PBXTargetDependency;
			target = 68213C8523E5B5AA009C1BFE /* Rapunzel */;
			targetProxy = 68213CA823E5B5AA009C1BFE /* PBXContainerItemProxy */;
		};
/* End PBXTargetDependency section */

/* Begin PBXVariantGroup section */
		68213C9423E5B5AA009C1BFE /* LaunchScreen.storyboard */ = {
			isa = PBXVariantGroup;
			children = (
				68213C9523E5B5AA009C1BFE /* Base */,
			);
			name = LaunchScreen.storyboard;
			sourceTree = "<group>";
		};
/* End PBXVariantGroup section */

/* Begin XCBuildConfiguration section */
		68213CAE23E5B5AA009C1BFE /* Debug */ = {
			isa = XCBuildConfiguration;
			buildSettings = {
				ALWAYS_SEARCH_USER_PATHS = NO;
				CLANG_ANALYZER_NONNULL = YES;
				CLANG_ANALYZER_NUMBER_OBJECT_CONVERSION = YES_AGGRESSIVE;
				CLANG_CXX_LANGUAGE_STANDARD = "gnu++14";
				CLANG_CXX_LIBRARY = "libc++";
				CLANG_ENABLE_MODULES = YES;
				CLANG_ENABLE_OBJC_ARC = YES;
				CLANG_ENABLE_OBJC_WEAK = YES;
				CLANG_WARN_BLOCK_CAPTURE_AUTORELEASING = YES;
				CLANG_WARN_BOOL_CONVERSION = YES;
				CLANG_WARN_COMMA = YES;
				CLANG_WARN_CONSTANT_CONVERSION = YES;
				CLANG_WARN_DEPRECATED_OBJC_IMPLEMENTATIONS = YES;
				CLANG_WARN_DIRECT_OBJC_ISA_USAGE = YES_ERROR;
				CLANG_WARN_DOCUMENTATION_COMMENTS = YES;
				CLANG_WARN_EMPTY_BODY = YES;
				CLANG_WARN_ENUM_CONVERSION = YES;
				CLANG_WARN_INFINITE_RECURSION = YES;
				CLANG_WARN_INT_CONVERSION = YES;
				CLANG_WARN_NON_LITERAL_NULL_CONVERSION = YES;
				CLANG_WARN_OBJC_IMPLICIT_RETAIN_SELF = YES;
				CLANG_WARN_OBJC_LITERAL_CONVERSION = YES;
				CLANG_WARN_OBJC_ROOT_CLASS = YES_ERROR;
				CLANG_WARN_RANGE_LOOP_ANALYSIS = YES;
				CLANG_WARN_STRICT_PROTOTYPES = YES;
				CLANG_WARN_SUSPICIOUS_MOVE = YES;
				CLANG_WARN_UNGUARDED_AVAILABILITY = YES_AGGRESSIVE;
				CLANG_WARN_UNREACHABLE_CODE = YES;
				CLANG_WARN__DUPLICATE_METHOD_MATCH = YES;
				COPY_PHASE_STRIP = NO;
				DEBUG_INFORMATION_FORMAT = dwarf;
				ENABLE_STRICT_OBJC_MSGSEND = YES;
				ENABLE_TESTABILITY = YES;
				GCC_C_LANGUAGE_STANDARD = gnu11;
				GCC_DYNAMIC_NO_PIC = NO;
				GCC_NO_COMMON_BLOCKS = YES;
				GCC_OPTIMIZATION_LEVEL = 0;
				GCC_PREPROCESSOR_DEFINITIONS = (
					"DEBUG=1",
					"$(inherited)",
				);
				GCC_WARN_64_TO_32_BIT_CONVERSION = YES;
				GCC_WARN_ABOUT_RETURN_TYPE = YES_ERROR;
				GCC_WARN_UNDECLARED_SELECTOR = YES;
				GCC_WARN_UNINITIALIZED_AUTOS = YES_AGGRESSIVE;
				GCC_WARN_UNUSED_FUNCTION = YES;
				GCC_WARN_UNUSED_VARIABLE = YES;
				IPHONEOS_DEPLOYMENT_TARGET = 13.2;
				MTL_ENABLE_DEBUG_INFO = INCLUDE_SOURCE;
				MTL_FAST_MATH = YES;
				ONLY_ACTIVE_ARCH = YES;
				SDKROOT = iphoneos;
				SWIFT_ACTIVE_COMPILATION_CONDITIONS = DEBUG;
				SWIFT_OPTIMIZATION_LEVEL = "-Onone";
			};
			name = Debug;
		};
		68213CAF23E5B5AA009C1BFE /* Release */ = {
			isa = XCBuildConfiguration;
			buildSettings = {
				ALWAYS_SEARCH_USER_PATHS = NO;
				CLANG_ANALYZER_NONNULL = YES;
				CLANG_ANALYZER_NUMBER_OBJECT_CONVERSION = YES_AGGRESSIVE;
				CLANG_CXX_LANGUAGE_STANDARD = "gnu++14";
				CLANG_CXX_LIBRARY = "libc++";
				CLANG_ENABLE_MODULES = YES;
				CLANG_ENABLE_OBJC_ARC = YES;
				CLANG_ENABLE_OBJC_WEAK = YES;
				CLANG_WARN_BLOCK_CAPTURE_AUTORELEASING = YES;
				CLANG_WARN_BOOL_CONVERSION = YES;
				CLANG_WARN_COMMA = YES;
				CLANG_WARN_CONSTANT_CONVERSION = YES;
				CLANG_WARN_DEPRECATED_OBJC_IMPLEMENTATIONS = YES;
				CLANG_WARN_DIRECT_OBJC_ISA_USAGE = YES_ERROR;
				CLANG_WARN_DOCUMENTATION_COMMENTS = YES;
				CLANG_WARN_EMPTY_BODY = YES;
				CLANG_WARN_ENUM_CONVERSION = YES;
				CLANG_WARN_INFINITE_RECURSION = YES;
				CLANG_WARN_INT_CONVERSION = YES;
				CLANG_WARN_NON_LITERAL_NULL_CONVERSION = YES;
				CLANG_WARN_OBJC_IMPLICIT_RETAIN_SELF = YES;
				CLANG_WARN_OBJC_LITERAL_CONVERSION = YES;
				CLANG_WARN_OBJC_ROOT_CLASS = YES_ERROR;
				CLANG_WARN_RANGE_LOOP_ANALYSIS = YES;
				CLANG_WARN_STRICT_PROTOTYPES = YES;
				CLANG_WARN_SUSPICIOUS_MOVE = YES;
				CLANG_WARN_UNGUARDED_AVAILABILITY = YES_AGGRESSIVE;
				CLANG_WARN_UNREACHABLE_CODE = YES;
				CLANG_WARN__DUPLICATE_METHOD_MATCH = YES;
				COPY_PHASE_STRIP = NO;
				DEBUG_INFORMATION_FORMAT = "dwarf-with-dsym";
				ENABLE_NS_ASSERTIONS = NO;
				ENABLE_STRICT_OBJC_MSGSEND = YES;
				GCC_C_LANGUAGE_STANDARD = gnu11;
				GCC_NO_COMMON_BLOCKS = YES;
				GCC_WARN_64_TO_32_BIT_CONVERSION = YES;
				GCC_WARN_ABOUT_RETURN_TYPE = YES_ERROR;
				GCC_WARN_UNDECLARED_SELECTOR = YES;
				GCC_WARN_UNINITIALIZED_AUTOS = YES_AGGRESSIVE;
				GCC_WARN_UNUSED_FUNCTION = YES;
				GCC_WARN_UNUSED_VARIABLE = YES;
				IPHONEOS_DEPLOYMENT_TARGET = 13.2;
				MTL_ENABLE_DEBUG_INFO = NO;
				MTL_FAST_MATH = YES;
				SDKROOT = iphoneos;
				SWIFT_COMPILATION_MODE = wholemodule;
				SWIFT_OPTIMIZATION_LEVEL = "-O";
				VALIDATE_PRODUCT = YES;
			};
			name = Release;
		};
		68213CB123E5B5AA009C1BFE /* Debug */ = {
			isa = XCBuildConfiguration;
			baseConfigurationReference = 6E65D262BB85C2A2D1F548F6 /* Pods-Rapunzel.debug.xcconfig */;
			buildSettings = {
				ASSETCATALOG_COMPILER_APPICON_NAME = AppIcon;
				CODE_SIGN_STYLE = Automatic;
				DEVELOPMENT_TEAM = 69V5T68KT9;
				INFOPLIST_FILE = Rapunzel/Info.plist;
				IPHONEOS_DEPLOYMENT_TARGET = 10.0;
				LD_RUNPATH_SEARCH_PATHS = (
					"$(inherited)",
					"@executable_path/Frameworks",
				);
				PRODUCT_BUNDLE_IDENTIFIER = com.tunayalver.Rapunzel;
				PRODUCT_NAME = Joker;
				SWIFT_VERSION = 5.0;
				TARGETED_DEVICE_FAMILY = 1;
			};
			name = Debug;
		};
		68213CB223E5B5AA009C1BFE /* Release */ = {
			isa = XCBuildConfiguration;
			baseConfigurationReference = 211AB33227C433A5219D0AD6 /* Pods-Rapunzel.release.xcconfig */;
			buildSettings = {
				ASSETCATALOG_COMPILER_APPICON_NAME = AppIcon;
				CODE_SIGN_STYLE = Automatic;
				DEVELOPMENT_TEAM = 69V5T68KT9;
				INFOPLIST_FILE = Rapunzel/Info.plist;
				IPHONEOS_DEPLOYMENT_TARGET = 10.0;
				LD_RUNPATH_SEARCH_PATHS = (
					"$(inherited)",
					"@executable_path/Frameworks",
				);
				PRODUCT_BUNDLE_IDENTIFIER = com.tunayalver.Rapunzel;
				PRODUCT_NAME = Joker;
				SWIFT_VERSION = 5.0;
				TARGETED_DEVICE_FAMILY = 1;
			};
			name = Release;
		};
		68213CB423E5B5AA009C1BFE /* Debug */ = {
			isa = XCBuildConfiguration;
			baseConfigurationReference = 154FB2A2EE828C4AFF06C040 /* Pods-RapunzelTests.debug.xcconfig */;
			buildSettings = {
				ALWAYS_EMBED_SWIFT_STANDARD_LIBRARIES = YES;
				BUNDLE_LOADER = "$(TEST_HOST)";
				CODE_SIGN_STYLE = Automatic;
				DEVELOPMENT_TEAM = 69V5T68KT9;
				INFOPLIST_FILE = RapunzelTests/Info.plist;
				IPHONEOS_DEPLOYMENT_TARGET = 13.2;
				LD_RUNPATH_SEARCH_PATHS = (
					"$(inherited)",
					"@executable_path/Frameworks",
					"@loader_path/Frameworks",
				);
				PRODUCT_BUNDLE_IDENTIFIER = com.tunayalver.RapunzelTests;
				PRODUCT_NAME = "$(TARGET_NAME)";
				SWIFT_VERSION = 5.0;
				TARGETED_DEVICE_FAMILY = "1,2";
				TEST_HOST = "$(BUILT_PRODUCTS_DIR)/Rapunzel.app/Rapunzel";
			};
			name = Debug;
		};
		68213CB523E5B5AA009C1BFE /* Release */ = {
			isa = XCBuildConfiguration;
			baseConfigurationReference = 2C269A180F32C8154FF57EAD /* Pods-RapunzelTests.release.xcconfig */;
			buildSettings = {
				ALWAYS_EMBED_SWIFT_STANDARD_LIBRARIES = YES;
				BUNDLE_LOADER = "$(TEST_HOST)";
				CODE_SIGN_STYLE = Automatic;
				DEVELOPMENT_TEAM = 69V5T68KT9;
				INFOPLIST_FILE = RapunzelTests/Info.plist;
				IPHONEOS_DEPLOYMENT_TARGET = 13.2;
				LD_RUNPATH_SEARCH_PATHS = (
					"$(inherited)",
					"@executable_path/Frameworks",
					"@loader_path/Frameworks",
				);
				PRODUCT_BUNDLE_IDENTIFIER = com.tunayalver.RapunzelTests;
				PRODUCT_NAME = "$(TARGET_NAME)";
				SWIFT_VERSION = 5.0;
				TARGETED_DEVICE_FAMILY = "1,2";
				TEST_HOST = "$(BUILT_PRODUCTS_DIR)/Rapunzel.app/Rapunzel";
			};
			name = Release;
		};
		68213CB723E5B5AA009C1BFE /* Debug */ = {
			isa = XCBuildConfiguration;
			baseConfigurationReference = 7A004009AA95F2BCBF3E7D0C /* Pods-Rapunzel-RapunzelUITests.debug.xcconfig */;
			buildSettings = {
				ALWAYS_EMBED_SWIFT_STANDARD_LIBRARIES = YES;
				CODE_SIGN_STYLE = Automatic;
				DEVELOPMENT_TEAM = 69V5T68KT9;
				INFOPLIST_FILE = RapunzelUITests/Info.plist;
				LD_RUNPATH_SEARCH_PATHS = (
					"$(inherited)",
					"@executable_path/Frameworks",
					"@loader_path/Frameworks",
				);
				PRODUCT_BUNDLE_IDENTIFIER = com.tunayalver.RapunzelUITests;
				PRODUCT_NAME = "$(TARGET_NAME)";
				SWIFT_VERSION = 5.0;
				TARGETED_DEVICE_FAMILY = "1,2";
				TEST_TARGET_NAME = Rapunzel;
			};
			name = Debug;
		};
		68213CB823E5B5AA009C1BFE /* Release */ = {
			isa = XCBuildConfiguration;
			baseConfigurationReference = A945B0CEA6ECCB10EE36AA3C /* Pods-Rapunzel-RapunzelUITests.release.xcconfig */;
			buildSettings = {
				ALWAYS_EMBED_SWIFT_STANDARD_LIBRARIES = YES;
				CODE_SIGN_STYLE = Automatic;
				DEVELOPMENT_TEAM = 69V5T68KT9;
				INFOPLIST_FILE = RapunzelUITests/Info.plist;
				LD_RUNPATH_SEARCH_PATHS = (
					"$(inherited)",
					"@executable_path/Frameworks",
					"@loader_path/Frameworks",
				);
				PRODUCT_BUNDLE_IDENTIFIER = com.tunayalver.RapunzelUITests;
				PRODUCT_NAME = "$(TARGET_NAME)";
				SWIFT_VERSION = 5.0;
				TARGETED_DEVICE_FAMILY = "1,2";
				TEST_TARGET_NAME = Rapunzel;
			};
			name = Release;
		};
/* End XCBuildConfiguration section */

/* Begin XCConfigurationList section */
		68213C8123E5B5AA009C1BFE /* Build configuration list for PBXProject "Rapunzel" */ = {
			isa = XCConfigurationList;
			buildConfigurations = (
				68213CAE23E5B5AA009C1BFE /* Debug */,
				68213CAF23E5B5AA009C1BFE /* Release */,
			);
			defaultConfigurationIsVisible = 0;
			defaultConfigurationName = Release;
		};
		68213CB023E5B5AA009C1BFE /* Build configuration list for PBXNativeTarget "Rapunzel" */ = {
			isa = XCConfigurationList;
			buildConfigurations = (
				68213CB123E5B5AA009C1BFE /* Debug */,
				68213CB223E5B5AA009C1BFE /* Release */,
			);
			defaultConfigurationIsVisible = 0;
			defaultConfigurationName = Release;
		};
		68213CB323E5B5AA009C1BFE /* Build configuration list for PBXNativeTarget "RapunzelTests" */ = {
			isa = XCConfigurationList;
			buildConfigurations = (
				68213CB423E5B5AA009C1BFE /* Debug */,
				68213CB523E5B5AA009C1BFE /* Release */,
			);
			defaultConfigurationIsVisible = 0;
			defaultConfigurationName = Release;
		};
		68213CB623E5B5AA009C1BFE /* Build configuration list for PBXNativeTarget "RapunzelUITests" */ = {
			isa = XCConfigurationList;
			buildConfigurations = (
				68213CB723E5B5AA009C1BFE /* Debug */,
				68213CB823E5B5AA009C1BFE /* Release */,
			);
			defaultConfigurationIsVisible = 0;
			defaultConfigurationName = Release;
		};
/* End XCConfigurationList section */
	};
	rootObject = 68213C7E23E5B5AA009C1BFE /* Project object */;
}
